
Microsoft Visual Studio Solution File, Format Version 12.00
# Visual Studio Version 17
VisualStudioVersion = 17.4.33205.214
MinimumVisualStudioVersion = 10.0.40219.1
Project("{9A19103F-16F7-4668-BE54-9A1E7A4F7556}") = "App", "App.csproj", "{4ACA1EF5-E96F-4DD1-9A76-D7D5DF90D71E}"
EndProject
Global
	GlobalSection(SolutionConfigurationPlatforms) = preSolution
		Debug|Any CPU = Debug|Any CPU
		Release|Any CPU = Release|Any CPU
	EndGlobalSection
	GlobalSection(ProjectConfigurationPlatforms) = postSolution
		{4ACA1EF5-E96F-4DD1-9A76-D7D5DF90D71E}.Debug|Any CPU.ActiveCfg = Debug|Any CPU
		{4ACA1EF5-E96F-4DD1-9A76-D7D5DF90D71E}.Debug|Any CPU.Build.0 = Debug|Any CPU
		{4ACA1EF5-E96F-4DD1-9A76-D7D5DF90D71E}.Release|Any CPU.ActiveCfg = Release|Any CPU
		{4ACA1EF5-E96F-4DD1-9A76-D7D5DF90D71E}.Release|Any CPU.Build.0 = Release|Any CPU
	EndGlobalSection
	GlobalSection(SolutionProperties) = preSolution
		HideSolutionNode = FALSE
	EndGlobalSection
	GlobalSection(ExtensibilityGlobals) = postSolution
		SolutionGuid = {AC023517-143C-4007-A29E-4AAD76264D22}
	EndGlobalSection
EndGlobal
